
Microsoft Visual Studio Solution File, Format Version 12.00
# Visual Studio Version 16
VisualStudioVersion = 16.0.29009.5
MinimumVisualStudioVersion = 10.0.40219.1
Project("{FAE04EC0-301F-11D3-BF4B-00C04F79EFBC}") = "OdeToFood", "OdeToFood\OdeToFood.csproj", "{ED1EF945-765D-4630-8BFA-6AA5538A95CA}"
EndProject
Project("{FAE04EC0-301F-11D3-BF4B-00C04F79EFBC}") = "OdeToFood.Tests", "OdeToFood.Tests\OdeToFood.Tests.csproj", "{E18A2AAB-79C9-436E-9139-A043D8138B69}"
EndProject
Global
	GlobalSection(SolutionConfigurationPlatforms) = preSolution
		Debug|Any CPU = Debug|Any CPU
		Release|Any CPU = Release|Any CPU
	EndGlobalSection
	GlobalSection(ProjectConfigurationPlatforms) = postSolution
		{ED1EF945-765D-4630-8BFA-6AA5538A95CA}.Debug|Any CPU.ActiveCfg = Debug|Any CPU
		{ED1EF945-765D-4630-8BFA-6AA5538A95CA}.Debug|Any CPU.Build.0 = Debug|Any CPU
		{ED1EF945-765D-4630-8BFA-6AA5538A95CA}.Release|Any CPU.ActiveCfg = Release|Any CPU
		{ED1EF945-765D-4630-8BFA-6AA5538A95CA}.Release|Any CPU.Build.0 = Release|Any CPU
		{E18A2AAB-79C9-436E-9139-A043D8138B69}.Debug|Any CPU.ActiveCfg = Debug|Any CPU
		{E18A2AAB-79C9-436E-9139-A043D8138B69}.Debug|Any CPU.Build.0 = Debug|Any CPU
		{E18A2AAB-79C9-436E-9139-A043D8138B69}.Release|Any CPU.ActiveCfg = Release|Any CPU
		{E18A2AAB-79C9-436E-9139-A043D8138B69}.Release|Any CPU.Build.0 = Release|Any CPU
	EndGlobalSection
	GlobalSection(SolutionProperties) = preSolution
		HideSolutionNode = FALSE
	EndGlobalSection
	GlobalSection(ExtensibilityGlobals) = postSolution
		SolutionGuid = {155C8BE7-549B-4993-A7EA-83C0E10DB163}
	EndGlobalSection
EndGlobal
